
Microsoft Visual Studio Solution File, Format Version 12.00
# Visual Studio Version 16
VisualStudioVersion = 16.0.29911.84
MinimumVisualStudioVersion = 10.0.40219.1
Project("{FAE04EC0-301F-11D3-BF4B-00C04F79EFBC}") = "ProjectBNG", "ProjectBNG\ProjectBNG.csproj", "{97FC297E-807D-4590-8FB4-149382EAE11D}"
EndProject
Project("{54435603-DBB4-11D2-8724-00A0C9A8B90C}") = "AppSetup", "AppSetup\AppSetup.vdproj", "{1658F250-09DD-417B-A3F6-028DA4B34C5D}"
EndProject
Project("{54435603-DBB4-11D2-8724-00A0C9A8B90C}") = "Setup1", "Setup1\Setup1.vdproj", "{8617C21A-E307-419A-91D0-320800D1F1CB}"
EndProject
Project("{54435603-DBB4-11D2-8724-00A0C9A8B90C}") = "SetupSMMg", "SetupSMMg\SetupSMMg.vdproj", "{372716F0-FA3E-48CB-A4A7-86DA784B1633}"
EndProject
Project("{54435603-DBB4-11D2-8724-00A0C9A8B90C}") = "SetupSMMG02", "SetupSMMG02\SetupSMMG02.vdproj", "{E603E9A6-C76E-4324-ADCD-13382B0F29EB}"
EndProject
Global
	GlobalSection(SolutionConfigurationPlatforms) = preSolution
		Debug|Any CPU = Debug|Any CPU
		Debug|x86 = Debug|x86
		Release|Any CPU = Release|Any CPU
		Release|x86 = Release|x86
	EndGlobalSection
	GlobalSection(ProjectConfigurationPlatforms) = postSolution
		{97FC297E-807D-4590-8FB4-149382EAE11D}.Debug|Any CPU.ActiveCfg = Debug|Any CPU
		{97FC297E-807D-4590-8FB4-149382EAE11D}.Debug|Any CPU.Build.0 = Debug|Any CPU
		{97FC297E-807D-4590-8FB4-149382EAE11D}.Debug|x86.ActiveCfg = Debug|x86
		{97FC297E-807D-4590-8FB4-149382EAE11D}.Debug|x86.Build.0 = Debug|x86
		{97FC297E-807D-4590-8FB4-149382EAE11D}.Release|Any CPU.ActiveCfg = Release|Any CPU
		{97FC297E-807D-4590-8FB4-149382EAE11D}.Release|Any CPU.Build.0 = Release|Any CPU
		{97FC297E-807D-4590-8FB4-149382EAE11D}.Release|x86.ActiveCfg = Release|x86
		{97FC297E-807D-4590-8FB4-149382EAE11D}.Release|x86.Build.0 = Release|x86
		{1658F250-09DD-417B-A3F6-028DA4B34C5D}.Debug|Any CPU.ActiveCfg = Debug
		{1658F250-09DD-417B-A3F6-028DA4B34C5D}.Debug|x86.ActiveCfg = Debug
		{1658F250-09DD-417B-A3F6-028DA4B34C5D}.Release|Any CPU.ActiveCfg = Release
		{1658F250-09DD-417B-A3F6-028DA4B34C5D}.Release|x86.ActiveCfg = Release
		{8617C21A-E307-419A-91D0-320800D1F1CB}.Debug|Any CPU.ActiveCfg = Debug
		{8617C21A-E307-419A-91D0-320800D1F1CB}.Debug|x86.ActiveCfg = Debug
		{8617C21A-E307-419A-91D0-320800D1F1CB}.Release|Any CPU.ActiveCfg = Release
		{8617C21A-E307-419A-91D0-320800D1F1CB}.Release|x86.ActiveCfg = Release
		{372716F0-FA3E-48CB-A4A7-86DA784B1633}.Debug|Any CPU.ActiveCfg = Debug
		{372716F0-FA3E-48CB-A4A7-86DA784B1633}.Debug|x86.ActiveCfg = Debug
		{372716F0-FA3E-48CB-A4A7-86DA784B1633}.Release|Any CPU.ActiveCfg = Release
		{372716F0-FA3E-48CB-A4A7-86DA784B1633}.Release|x86.ActiveCfg = Release
		{E603E9A6-C76E-4324-ADCD-13382B0F29EB}.Debug|Any CPU.ActiveCfg = Debug
		{E603E9A6-C76E-4324-ADCD-13382B0F29EB}.Debug|x86.ActiveCfg = Debug
		{E603E9A6-C76E-4324-ADCD-13382B0F29EB}.Release|Any CPU.ActiveCfg = Release
		{E603E9A6-C76E-4324-ADCD-13382B0F29EB}.Release|x86.ActiveCfg = Release
	EndGlobalSection
	GlobalSection(SolutionProperties) = preSolution
		HideSolutionNode = FALSE
	EndGlobalSection
	GlobalSection(ExtensibilityGlobals) = postSolution
		SolutionGuid = {8500D8B6-7F0B-45CE-87F5-2AE57CF174F0}
	EndGlobalSection
EndGlobal
